// !$*UTF8*$!
{
	archiveVersion = 1;
	classes = {
	};
	objectVersion = 77;
	objects = {

/* Begin PBXBuildFile section */
		AA0000000000000000000101 /* HermesKit in Frameworks */ = {isa = PBXBuildFile; productRef = AA0000000000000000000201 /* HermesKit */; };
		AA0000000000000000000102 /* VoiceKit in Frameworks */ = {isa = PBXBuildFile; productRef = AA0000000000000000000202 /* VoiceKit */; };
		AA0000000000000000000103 /* NotificationService.appex in Embed Foundation Extensions */ = {isa = PBXBuildFile; fileRef = AA0000000000000000000303 /* NotificationService.appex */; settings = {ATTRIBUTES = (RemoveHeadersOnCopy, ); }; };
/* End PBXBuildFile section */

/* Begin PBXContainerItemProxy section */
		AA0000000000000000000C01 /* PBXContainerItemProxy */ = {
			isa = PBXContainerItemProxy;
			containerPortal = AA0000000000000000000001 /* Project object */;
			proxyType = 1;
			remoteGlobalIDString = AA0000000000000000000702;
			remoteInfo = NotificationService;
		};
/* End PBXContainerItemProxy section */

/* Begin PBXCopyFilesBuildPhase section */
		AA0000000000000000000803 /* Embed Foundation Extensions */ = {
			isa = PBXCopyFilesBuildPhase;
			buildActionMask = 2147483647;
			dstPath = "";
			dstSubfolderSpec = 13;
			files = (
				AA0000000000000000000103 /* NotificationService.appex in Embed Foundation Extensions */,
			);
			name = "Embed Foundation Extensions";
			runOnlyForDeploymentPostprocessing = 0;
		};
/* End PBXCopyFilesBuildPhase section */

/* Begin PBXFileReference section */
		AA0000000000000000000301 /* BipAgents.app */ = {isa = PBXFileReference; explicitFileType = wrapper.application; includeInIndex = 0; path = BipAgents.app; sourceTree = BUILT_PRODUCTS_DIR; };
		AA0000000000000000000303 /* NotificationService.appex */ = {isa = PBXFileReference; explicitFileType = "wrapper.app-extension"; includeInIndex = 0; path = NotificationService.appex; sourceTree = BUILT_PRODUCTS_DIR; };
		AA0000000000000000000302 /* Info.plist */ = {isa = PBXFileReference; lastKnownFileType = text.plist.xml; path = Info.plist; sourceTree = "<group>"; };
		AA0000000000000000000304 /* NotificationService-Info.plist */ = {isa = PBXFileReference; lastKnownFileType = text.plist.xml; path = "NotificationService-Info.plist"; sourceTree = "<group>"; };
		AA0000000000000000000305 /* BipAgents.entitlements */ = {isa = PBXFileReference; lastKnownFileType = text.plist.entitlements; path = BipAgents.entitlements; sourceTree = "<group>"; };
		AA0000000000000000000306 /* NotificationService.entitlements */ = {isa = PBXFileReference; lastKnownFileType = text.plist.entitlements; path = NotificationService.entitlements; sourceTree = "<group>"; };
		AA0000000000000000000307 /* Base.xcconfig */ = {isa = PBXFileReference; lastKnownFileType = text.xcconfig; path = Base.xcconfig; sourceTree = "<group>"; };
/* End PBXFileReference section */

/* Begin PBXFileSystemSynchronizedRootGroup section */
		AA0000000000000000000401 /* App */ = {isa = PBXFileSystemSynchronizedRootGroup; path = App; sourceTree = "<group>"; };
		AA0000000000000000000402 /* NotificationService */ = {isa = PBXFileSystemSynchronizedRootGroup; path = NotificationService; sourceTree = "<group>"; };
/* End PBXFileSystemSynchronizedRootGroup section */

/* Begin PBXFrameworksBuildPhase section */
		AA0000000000000000000501 /* Frameworks */ = {
			isa = PBXFrameworksBuildPhase;
			buildActionMask = 2147483647;
			files = (
				AA0000000000000000000101 /* HermesKit in Frameworks */,
				AA0000000000000000000102 /* VoiceKit in Frameworks */,
			);
			runOnlyForDeploymentPostprocessing = 0;
		};
		AA0000000000000000000502 /* Frameworks */ = {
			isa = PBXFrameworksBuildPhase;
			buildActionMask = 2147483647;
			files = (
			);
			runOnlyForDeploymentPostprocessing = 0;
		};
/* End PBXFrameworksBuildPhase section */

/* Begin PBXGroup section */
		AA0000000000000000000601 = {
			isa = PBXGroup;
			children = (
				AA0000000000000000000401 /* App */,
				AA0000000000000000000402 /* NotificationService */,
				AA0000000000000000000603 /* Config */,
				AA0000000000000000000602 /* Products */,
			);
			sourceTree = "<group>";
		};
		AA0000000000000000000602 /* Products */ = {
			isa = PBXGroup;
			children = (
				AA0000000000000000000301 /* BipAgents.app */,
				AA0000000000000000000303 /* NotificationService.appex */,
			);
			name = Products;
			sourceTree = "<group>";
		};
		AA0000000000000000000603 /* Config */ = {
			isa = PBXGroup;
			children = (
				AA0000000000000000000302 /* Info.plist */,
				AA0000000000000000000304 /* NotificationService-Info.plist */,
				AA0000000000000000000305 /* BipAgents.entitlements */,
				AA0000000000000000000306 /* NotificationService.entitlements */,
				AA0000000000000000000307 /* Base.xcconfig */,
			);
			path = Config;
			sourceTree = "<group>";
		};
/* End PBXGroup section */

/* Begin PBXNativeTarget section */
		AA0000000000000000000701 /* BipAgents */ = {
			isa = PBXNativeTarget;
			buildConfigurationList = AA0000000000000000000902;
			buildPhases = (
				AA0000000000000000000801 /* Sources */,
				AA0000000000000000000501 /* Frameworks */,
				AA0000000000000000000802 /* Resources */,
				AA0000000000000000000803 /* Embed Foundation Extensions */,
			);
			buildRules = (
			);
			dependencies = (
				AA0000000000000000000D01 /* PBXTargetDependency */,
			);
			fileSystemSynchronizedGroups = (
				AA0000000000000000000401 /* App */,
			);
			name = BipAgents;
			packageProductDependencies = (
				AA0000000000000000000201 /* HermesKit */,
				AA0000000000000000000202 /* VoiceKit */,
			);
			productName = BipAgents;
			productReference = AA0000000000000000000301 /* BipAgents.app */;
			productType = "com.apple.product-type.application";
		};
		AA0000000000000000000702 /* NotificationService */ = {
			isa = PBXNativeTarget;
			buildConfigurationList = AA0000000000000000000903;
			buildPhases = (
				AA0000000000000000000804 /* Sources */,
				AA0000000000000000000502 /* Frameworks */,
				AA0000000000000000000805 /* Resources */,
			);
			buildRules = (
			);
			dependencies = (
			);
			fileSystemSynchronizedGroups = (
				AA0000000000000000000402 /* NotificationService */,
			);
			name = NotificationService;
			productName = NotificationService;
			productReference = AA0000000000000000000303 /* NotificationService.appex */;
			productType = "com.apple.product-type.app-extension";
		};
/* End PBXNativeTarget section */

/* Begin PBXProject section */
		AA0000000000000000000001 /* Project object */ = {
			isa = PBXProject;
			attributes = {
				BuildIndependentTargetsInParallel = 1;
				LastSwiftUpdateCheck = 2700;
				LastUpgradeCheck = 2700;
				TargetAttributes = {
					AA0000000000000000000701 = {
						CreatedOnToolsVersion = 27.0;
					};
					AA0000000000000000000702 = {
						CreatedOnToolsVersion = 27.0;
					};
				};
			};
			buildConfigurationList = AA0000000000000000000901;
			developmentRegion = fr;
			hasScannedForEncodings = 0;
			knownRegions = (
				fr,
				en,
				Base,
			);
			mainGroup = AA0000000000000000000601;
			minimizedProjectReferenceProxies = 1;
			packageReferences = (
				AA0000000000000000000A01 /* XCLocalSwiftPackageReference "Packages/HermesKit" */,
				AA0000000000000000000A02 /* XCLocalSwiftPackageReference "Packages/VoiceKit" */,
			);
			preferredProjectObjectVersion = 77;
			productRefGroup = AA0000000000000000000602 /* Products */;
			projectDirPath = "";
			projectRoot = "";
			targets = (
				AA0000000000000000000701 /* BipAgents */,
				AA0000000000000000000702 /* NotificationService */,
			);
		};
/* End PBXProject section */

/* Begin PBXResourcesBuildPhase section */
		AA0000000000000000000802 /* Resources */ = {isa = PBXResourcesBuildPhase; buildActionMask = 2147483647; files = (); runOnlyForDeploymentPostprocessing = 0; };
		AA0000000000000000000805 /* Resources */ = {isa = PBXResourcesBuildPhase; buildActionMask = 2147483647; files = (); runOnlyForDeploymentPostprocessing = 0; };
/* End PBXResourcesBuildPhase section */

/* Begin PBXSourcesBuildPhase section */
		AA0000000000000000000801 /* Sources */ = {isa = PBXSourcesBuildPhase; buildActionMask = 2147483647; files = (); runOnlyForDeploymentPostprocessing = 0; };
		AA0000000000000000000804 /* Sources */ = {isa = PBXSourcesBuildPhase; buildActionMask = 2147483647; files = (); runOnlyForDeploymentPostprocessing = 0; };
/* End PBXSourcesBuildPhase section */

/* Begin PBXTargetDependency section */
		AA0000000000000000000D01 /* PBXTargetDependency */ = {
			isa = PBXTargetDependency;
			target = AA0000000000000000000702 /* NotificationService */;
			targetProxy = AA0000000000000000000C01 /* PBXContainerItemProxy */;
		};
/* End PBXTargetDependency section */

/* Begin XCBuildConfiguration section */
		AA0000000000000000000B01 /* Debug */ = {
			isa = XCBuildConfiguration;
			baseConfigurationReference = AA0000000000000000000307 /* Base.xcconfig */;
			buildSettings = {
				ALWAYS_SEARCH_USER_PATHS = NO;
				ASSETCATALOG_COMPILER_GENERATE_SWIFT_ASSET_SYMBOL_EXTENSIONS = YES;
				CLANG_ENABLE_MODULES = YES;
				CLANG_ENABLE_OBJC_ARC = YES;
				COPY_PHASE_STRIP = NO;
				DEBUG_INFORMATION_FORMAT = dwarf;
				ENABLE_STRICT_OBJC_MSGSEND = YES;
				ENABLE_TESTABILITY = YES;
				ENABLE_USER_SCRIPT_SANDBOXING = YES;
				GCC_OPTIMIZATION_LEVEL = "0";
				IPHONEOS_DEPLOYMENT_TARGET = "18.0";
				LOCALIZATION_PREFERS_STRING_CATALOGS = YES;
				MTL_ENABLE_DEBUG_INFO = INCLUDE_SOURCE;
				ONLY_ACTIVE_ARCH = YES;
				SDKROOT = iphoneos;
				SWIFT_ACTIVE_COMPILATION_CONDITIONS = "DEBUG $(inherited)";
				SWIFT_OPTIMIZATION_LEVEL = "-Onone";
				SWIFT_VERSION = "6.0";
			};
			name = Debug;
		};
		AA0000000000000000000B02 /* Release */ = {
			isa = XCBuildConfiguration;
			baseConfigurationReference = AA0000000000000000000307 /* Base.xcconfig */;
			buildSettings = {
				ALWAYS_SEARCH_USER_PATHS = NO;
				ASSETCATALOG_COMPILER_GENERATE_SWIFT_ASSET_SYMBOL_EXTENSIONS = YES;
				CLANG_ENABLE_MODULES = YES;
				CLANG_ENABLE_OBJC_ARC = YES;
				COPY_PHASE_STRIP = NO;
				DEBUG_INFORMATION_FORMAT = "dwarf-with-dsym";
				ENABLE_NS_ASSERTIONS = NO;
				ENABLE_STRICT_OBJC_MSGSEND = YES;
				ENABLE_USER_SCRIPT_SANDBOXING = YES;
				IPHONEOS_DEPLOYMENT_TARGET = "18.0";
				LOCALIZATION_PREFERS_STRING_CATALOGS = YES;
				SDKROOT = iphoneos;
				SWIFT_COMPILATION_MODE = wholemodule;
				SWIFT_VERSION = "6.0";
				VALIDATE_PRODUCT = YES;
			};
			name = Release;
		};
		AA0000000000000000000B03 /* Debug */ = {
			isa = XCBuildConfiguration;
			buildSettings = {
				ASSETCATALOG_COMPILER_APPICON_NAME = AppIcon;
				ASSETCATALOG_COMPILER_GLOBAL_ACCENT_COLOR_NAME = AccentColor;
				CODE_SIGN_ENTITLEMENTS = "Config/BipAgents.entitlements";
				CODE_SIGN_STYLE = Automatic;
				CURRENT_PROJECT_VERSION = "1";
				ENABLE_PREVIEWS = YES;
				GENERATE_INFOPLIST_FILE = YES;
				INFOPLIST_FILE = "Config/Info.plist";
				INFOPLIST_KEY_CFBundleDisplayName = BipAgents;
				INFOPLIST_KEY_NSCameraUsageDescription = "Pour prendre une photo ou scanner le QR code d’un agent.";
				INFOPLIST_KEY_NSMicrophoneUsageDescription = "Pour parler à tes agents.";
				INFOPLIST_KEY_NSPhotoLibraryUsageDescription = "Pour envoyer des photos à tes agents.";
				INFOPLIST_KEY_NSSpeechRecognitionUsageDescription = "Pour transcrire ta voix directement sur l’iPhone.";
				INFOPLIST_KEY_UIApplicationSceneManifest_Generation = YES;
				INFOPLIST_KEY_UIApplicationSupportsIndirectInputEvents = YES;
				INFOPLIST_KEY_UILaunchScreen_Generation = YES;
				INFOPLIST_KEY_UISupportedInterfaceOrientations_iPad = "UIInterfaceOrientationPortrait UIInterfaceOrientationPortraitUpsideDown UIInterfaceOrientationLandscapeLeft UIInterfaceOrientationLandscapeRight";
				INFOPLIST_KEY_UISupportedInterfaceOrientations_iPhone = UIInterfaceOrientationPortrait;
				LD_RUNPATH_SEARCH_PATHS = (
					"$(inherited)",
					"@executable_path/Frameworks",
				);
				MARKETING_VERSION = "0.1";
				PRODUCT_BUNDLE_IDENTIFIER = io.github.bipagents;
				PRODUCT_NAME = "$(TARGET_NAME)";
				SWIFT_APPROACHABLE_CONCURRENCY = YES;
				SWIFT_DEFAULT_ACTOR_ISOLATION = MainActor;
				SWIFT_EMIT_LOC_STRINGS = YES;
				SWIFT_UPCOMING_FEATURE_MEMBER_IMPORT_VISIBILITY = YES;
				TARGETED_DEVICE_FAMILY = "1,2";
			};
			name = Debug;
		};
		AA0000000000000000000B04 /* Release */ = {
			isa = XCBuildConfiguration;
			buildSettings = {
				ASSETCATALOG_COMPILER_APPICON_NAME = AppIcon;
				ASSETCATALOG_COMPILER_GLOBAL_ACCENT_COLOR_NAME = AccentColor;
				CODE_SIGN_ENTITLEMENTS = "Config/BipAgents.entitlements";
				CODE_SIGN_STYLE = Automatic;
				CURRENT_PROJECT_VERSION = "1";
				ENABLE_PREVIEWS = YES;
				GENERATE_INFOPLIST_FILE = YES;
				INFOPLIST_FILE = "Config/Info.plist";
				INFOPLIST_KEY_CFBundleDisplayName = BipAgents;
				INFOPLIST_KEY_NSCameraUsageDescription = "Pour prendre une photo ou scanner le QR code d’un agent.";
				INFOPLIST_KEY_NSMicrophoneUsageDescription = "Pour parler à tes agents.";
				INFOPLIST_KEY_NSPhotoLibraryUsageDescription = "Pour envoyer des photos à tes agents.";
				INFOPLIST_KEY_NSSpeechRecognitionUsageDescription = "Pour transcrire ta voix directement sur l’iPhone.";
				INFOPLIST_KEY_UIApplicationSceneManifest_Generation = YES;
				INFOPLIST_KEY_UIApplicationSupportsIndirectInputEvents = YES;
				INFOPLIST_KEY_UILaunchScreen_Generation = YES;
				INFOPLIST_KEY_UISupportedInterfaceOrientations_iPad = "UIInterfaceOrientationPortrait UIInterfaceOrientationPortraitUpsideDown UIInterfaceOrientationLandscapeLeft UIInterfaceOrientationLandscapeRight";
				INFOPLIST_KEY_UISupportedInterfaceOrientations_iPhone = UIInterfaceOrientationPortrait;
				LD_RUNPATH_SEARCH_PATHS = (
					"$(inherited)",
					"@executable_path/Frameworks",
				);
				MARKETING_VERSION = "0.1";
				PRODUCT_BUNDLE_IDENTIFIER = io.github.bipagents;
				PRODUCT_NAME = "$(TARGET_NAME)";
				SWIFT_APPROACHABLE_CONCURRENCY = YES;
				SWIFT_DEFAULT_ACTOR_ISOLATION = MainActor;
				SWIFT_EMIT_LOC_STRINGS = YES;
				SWIFT_UPCOMING_FEATURE_MEMBER_IMPORT_VISIBILITY = YES;
				TARGETED_DEVICE_FAMILY = "1,2";
			};
			name = Release;
		};
		AA0000000000000000000B05 /* Debug */ = {
			isa = XCBuildConfiguration;
			buildSettings = {
				CODE_SIGN_ENTITLEMENTS = "Config/NotificationService.entitlements";
				CODE_SIGN_STYLE = Automatic;
				CURRENT_PROJECT_VERSION = "1";
				GENERATE_INFOPLIST_FILE = YES;
				INFOPLIST_FILE = "Config/NotificationService-Info.plist";
				INFOPLIST_KEY_CFBundleDisplayName = NotificationService;
				LD_RUNPATH_SEARCH_PATHS = (
					"$(inherited)",
					"@executable_path/Frameworks",
					"@executable_path/../../Frameworks",
				);
				MARKETING_VERSION = "0.1";
				PRODUCT_BUNDLE_IDENTIFIER = io.github.bipagents.NotificationService;
				PRODUCT_NAME = "$(TARGET_NAME)";
				SKIP_INSTALL = YES;
				SWIFT_APPROACHABLE_CONCURRENCY = YES;
				SWIFT_EMIT_LOC_STRINGS = YES;
				SWIFT_UPCOMING_FEATURE_MEMBER_IMPORT_VISIBILITY = YES;
				TARGETED_DEVICE_FAMILY = "1,2";
			};
			name = Debug;
		};
		AA0000000000000000000B06 /* Release */ = {
			isa = XCBuildConfiguration;
			buildSettings = {
				CODE_SIGN_ENTITLEMENTS = "Config/NotificationService.entitlements";
				CODE_SIGN_STYLE = Automatic;
				CURRENT_PROJECT_VERSION = "1";
				GENERATE_INFOPLIST_FILE = YES;
				INFOPLIST_FILE = "Config/NotificationService-Info.plist";
				INFOPLIST_KEY_CFBundleDisplayName = NotificationService;
				LD_RUNPATH_SEARCH_PATHS = (
					"$(inherited)",
					"@executable_path/Frameworks",
					"@executable_path/../../Frameworks",
				);
				MARKETING_VERSION = "0.1";
				PRODUCT_BUNDLE_IDENTIFIER = io.github.bipagents.NotificationService;
				PRODUCT_NAME = "$(TARGET_NAME)";
				SKIP_INSTALL = YES;
				SWIFT_APPROACHABLE_CONCURRENCY = YES;
				SWIFT_EMIT_LOC_STRINGS = YES;
				SWIFT_UPCOMING_FEATURE_MEMBER_IMPORT_VISIBILITY = YES;
				TARGETED_DEVICE_FAMILY = "1,2";
			};
			name = Release;
		};
/* End XCBuildConfiguration section */

/* Begin XCConfigurationList section */
		AA0000000000000000000901 /* Build configuration list for PBXProject "BipAgents" */ = {
			isa = XCConfigurationList;
			buildConfigurations = (
				AA0000000000000000000B01 /* Debug */,
				AA0000000000000000000B02 /* Release */,
			);
			defaultConfigurationIsVisible = 0;
			defaultConfigurationName = Release;
		};
		AA0000000000000000000902 /* Build configuration list for PBXNativeTarget "BipAgents" */ = {
			isa = XCConfigurationList;
			buildConfigurations = (
				AA0000000000000000000B03 /* Debug */,
				AA0000000000000000000B04 /* Release */,
			);
			defaultConfigurationIsVisible = 0;
			defaultConfigurationName = Release;
		};
		AA0000000000000000000903 /* Build configuration list for PBXNativeTarget "NotificationService" */ = {
			isa = XCConfigurationList;
			buildConfigurations = (
				AA0000000000000000000B05 /* Debug */,
				AA0000000000000000000B06 /* Release */,
			);
			defaultConfigurationIsVisible = 0;
			defaultConfigurationName = Release;
		};
/* End XCConfigurationList section */

/* Begin XCLocalSwiftPackageReference section */
		AA0000000000000000000A01 /* XCLocalSwiftPackageReference "Packages/HermesKit" */ = {
			isa = XCLocalSwiftPackageReference;
			relativePath = Packages/HermesKit;
		};
		AA0000000000000000000A02 /* XCLocalSwiftPackageReference "Packages/VoiceKit" */ = {
			isa = XCLocalSwiftPackageReference;
			relativePath = Packages/VoiceKit;
		};
/* End XCLocalSwiftPackageReference section */

/* Begin XCSwiftPackageProductDependency section */
		AA0000000000000000000201 /* HermesKit */ = {
			isa = XCSwiftPackageProductDependency;
			productName = HermesKit;
		};
		AA0000000000000000000202 /* VoiceKit */ = {
			isa = XCSwiftPackageProductDependency;
			productName = VoiceKit;
		};
/* End XCSwiftPackageProductDependency section */
	};
	rootObject = AA0000000000000000000001 /* Project object */;
}
